
Microsoft Visual Studio Solution File, Format Version 12.00
# Visual Studio 2015
Project("{FAE04EC0-301F-11D3-BF4B-00C04F79EFBC}") = "LudumDare35.CSharp", "LudumDare35.CSharp.csproj", "{D02A61FB-92A8-159F-964D-91D1FDFCA175}"
EndProject
Global
	GlobalSection(SolutionConfigurationPlatforms) = preSolution
		Debug|Any CPU = Debug|Any CPU
		Release|Any CPU = Release|Any CPU
	EndGlobalSection
	GlobalSection(ProjectConfigurationPlatforms) = postSolution
		{D02A61FB-92A8-159F-964D-91D1FDFCA175}.Debug|Any CPU.ActiveCfg = Debug|Any CPU
		{D02A61FB-92A8-159F-964D-91D1FDFCA175}.Debug|Any CPU.Build.0 = Debug|Any CPU
		{D02A61FB-92A8-159F-964D-91D1FDFCA175}.Release|Any CPU.ActiveCfg = Release|Any CPU
		{D02A61FB-92A8-159F-964D-91D1FDFCA175}.Release|Any CPU.Build.0 = Release|Any CPU
	EndGlobalSection
	GlobalSection(SolutionProperties) = preSolution
		HideSolutionNode = FALSE
	EndGlobalSection
EndGlobal
